PODS:
  - ActionSheetPicker-3.0 (2.1.0)
  - AFNetworking (2.6.3):
    - AFNetworking/NSURLConnection (= 2.6.3)
    - AFNetworking/NSURLSession (= 2.6.3)
    - AFNetworking/Reachability (= 2.6.3)
    - AFNetworking/Security (= 2.6.3)
    - AFNetworking/Serialization (= 2.6.3)
    - AFNetworking/UIKit (= 2.6.3)
  - AFNetworking/NSURLConnection (2.6.3):
    - AFNetworking/Reachability
    - AFNetworking/Security
    - AFNetworking/Serialization
  - AFNetworking/NSURLSession (2.6.3):
    - AFNetworking/Reachability
    - AFNetworking/Security
    - AFNetworking/Serialization
  - AFNetworking/Reachability (2.6.3)
  - AFNetworking/Security (2.6.3)
  - AFNetworking/Serialization (2.6.3)
  - AFNetworking/UIKit (2.6.3):
    - AFNetworking/NSURLConnection
    - AFNetworking/NSURLSession
  - BaiduMapKit (3.0.0)
  - CocoaLumberjack (2.0.3):
    - CocoaLumberjack/Default (= 2.0.3)
    - CocoaLumberjack/Extensions (= 2.0.3)
  - CocoaLumberjack/Core (2.0.3)
  - CocoaLumberjack/Default (2.0.3):
    - CocoaLumberjack/Core
  - CocoaLumberjack/Extensions (2.0.3):
    - CocoaLumberjack/Default
  - FLEX (2.1.1)
  - FMDB/common (2.5)
  - FMDB/SQLCipher (2.5):
    - FMDB/common
    - SQLCipher
  - GTSDK (1.4.2)
  - JSONModel (1.0.2)
  - JSPatch (1.0):
    - JSPatch/Core (= 1.0)
  - JSPatch/Core (1.0)
  - Masonry (0.6.4)
  - SDWebImage (3.8.1):
    - SDWebImage/Core (= 3.8.1)
  - SDWebImage/Core (3.8.1)
  - SQLCipher (3.1.0):
    - SQLCipher/standard (= 3.1.0)
  - SQLCipher/common (3.1.0)
  - SQLCipher/standard (3.1.0):
    - SQLCipher/common
  - UMengAnalytics-NO-IDFA (4.0.5)
  - UMengSocial (4.4)
  - XAspect (1.0.5):
    - XAspect/Core (= 1.0.5)
    - XAspect/Macros (= 1.0.5)
  - XAspect/Core (1.0.5):
    - XAspect/Macros
  - XAspect/Macros (1.0.5)

DEPENDENCIES:
  - ActionSheetPicker-3.0
  - AFNetworking (~> 2.6.0)
  - BaiduMapKit
  - CocoaLumberjack (~> 2.0.0-rc)
  - FLEX (~> 2.0)
  - FMDB/common (~> 2.5)
  - FMDB/SQLCipher (~> 2.5)
  - GTSDK
  - JSONModel (~> 1.0.1)
  - JSPatch
  - Masonry (~> 0.6.1)
  - SDWebImage (~> 3.7)
  - UMengAnalytics-NO-IDFA
  - UMengSocial (~> 4.3)
  - XAspect

SPEC CHECKSUMS:
  ActionSheetPicker-3.0: db66605feb85689279d328206c61f0e4f398df92
  AFNetworking: cb8d14a848e831097108418f5d49217339d4eb60
  BaiduMapKit: de2a726d5296d6b2dc0e974b683af73153608dcd
  CocoaLumberjack: f58d8a19629f4d8379ae14bb3534def24161430e
  FLEX: 27b768fcae23a313a1eb115076d429180ca9b472
  FMDB: 96e8f1bcc1329e269330f99770ad4285d9003e52
  GTSDK: 51a12836895312a872f75a2fe0f2e788dee75b19
  JSONModel: 6ffcb4ffa3659c9e9a2e5d45d6c7705bab187c03
  JSPatch: c689ea4dde17441f2f4a95d40dfedb8900c20099
  Masonry: 281802d04d787ea2973179ee8bcb50500579ede2
  SDWebImage: 35f9627a3e44b4f292a8a8ce6a531fa488239b91
  SQLCipher: 4684434d5791db86512cd7e02172aefba575849e
  UMengAnalytics-NO-IDFA: 965a219b05475ff2a4c09a164139a27bbaa0e25b
  UMengSocial: aba7296602310385114d82c255539a7bef3b7ab0
  XAspect: db50bf487f92dbb8557a7a5365556966c8493af8

COCOAPODS: 0.39.0
